
Microsoft Visual Studio Solution File, Format Version 12.00
# Visual Studio Version 17
VisualStudioVersion = 17.2.32630.192
MinimumVisualStudioVersion = 10.0.40219.1
Project("{9A19103F-16F7-4668-BE54-9A1E7A4F7556}") = "EyeTrainer.Api", "src\EyeTrainer.Api\EyeTrainer.Api.csproj", "{7BA4734D-DB45-44BD-8BA8-3F52194A3AB6}"
EndProject
Project("{2150E333-8FDC-42A3-9474-1A3956D46DE8}") = "src", "src", "{E8F2B0AC-1698-4B1D-8C0D-F808227D79B3}"
EndProject
Global
	GlobalSection(SolutionConfigurationPlatforms) = preSolution
		Debug|Any CPU = Debug|Any CPU
		Release|Any CPU = Release|Any CPU
	EndGlobalSection
	GlobalSection(ProjectConfigurationPlatforms) = postSolution
		{7BA4734D-DB45-44BD-8BA8-3F52194A3AB6}.Debug|Any CPU.ActiveCfg = Debug|Any CPU
		{7BA4734D-DB45-44BD-8BA8-3F52194A3AB6}.Debug|Any CPU.Build.0 = Debug|Any CPU
		{7BA4734D-DB45-44BD-8BA8-3F52194A3AB6}.Release|Any CPU.ActiveCfg = Release|Any CPU
		{7BA4734D-DB45-44BD-8BA8-3F52194A3AB6}.Release|Any CPU.Build.0 = Release|Any CPU
	EndGlobalSection
	GlobalSection(SolutionProperties) = preSolution
		HideSolutionNode = FALSE
	EndGlobalSection
	GlobalSection(NestedProjects) = preSolution
		{7BA4734D-DB45-44BD-8BA8-3F52194A3AB6} = {E8F2B0AC-1698-4B1D-8C0D-F808227D79B3}
	EndGlobalSection
	GlobalSection(ExtensibilityGlobals) = postSolution
		SolutionGuid = {AF8A45AA-E168-4780-AFCF-EC802C62B8FB}
	EndGlobalSection
EndGlobal
